# THIS IS AN AUTOGENERATED FILE. DO NOT EDIT THIS FILE DIRECTLY.
# yarn lockfile v1
array-source@0.0:
  version "0.0.3"
  resolved "https://registry.yarnpkg.com/array-source/-/array-source-0.0.3.tgz#6ee635763c4fb4cd9990f876321cb29e6d7dded1"

commander@2:
  version "2.9.0"
  resolved "https://registry.yarnpkg.com/commander/-/commander-2.9.0.tgz#9c99094176e12240cb22d6c5146098400fe0f7d4"
  dependencies:
    graceful-readlink ">= 1.0.0"

file-source@0.6:
  version "0.6.1"
  resolved "https://registry.yarnpkg.com/file-source/-/file-source-0.6.1.tgz#ae189d4993766b865a77f83adcf9b9a504cd37dc"
  dependencies:
    stream-source "0.3"

"graceful-readlink@>= 1.0.0":
  version "1.0.1"
  resolved "https://registry.yarnpkg.com/graceful-readlink/-/graceful-readlink-1.0.1.tgz#4cafad76bc62f02fa039b2f94e9a3dd3a391a725"

path-source@0.1:
  version "0.1.2"
  resolved "https://registry.yarnpkg.com/path-source/-/path-source-0.1.2.tgz#c5a26c44fb92cd32b930e8e49b1fe5750f2ca70b"
  dependencies:
    array-source "0.0"
    file-source "0.6"

shapefile:
  version "0.5.8"
  resolved "https://registry.yarnpkg.com/shapefile/-/shapefile-0.5.8.tgz#79ba67e550aeb20b7d48689470cb414bf003d632"
  dependencies:
    array-source "0.0"
    commander "2"
    path-source "0.1"
    slice-source "0.4"
    stream-source "0.3"
    text-encoding "0.6"

slice-source@0.4:
  version "0.4.1"
  resolved "https://registry.yarnpkg.com/slice-source/-/slice-source-0.4.1.tgz#40a57ac03c6668b5da200e05378e000bf2a61d79"

stream-source@0.3:
  version "0.3.4"
  resolved "https://registry.yarnpkg.com/stream-source/-/stream-source-0.3.4.tgz#0427c1fb128b0bd2d884d868dcc894208f9bda3b"

text-encoding@0.6:
  version "0.6.1"
  resolved "https://registry.yarnpkg.com/text-encoding/-/text-encoding-0.6.1.tgz#4de1130e61d50dd867040428aa15656efddcb1c8"

topojson:
  version "2.0.0"
  resolved "https://registry.yarnpkg.com/topojson/-/topojson-2.0.0.tgz#6bcd44a2f5d755ec4715656d408e0c7cb0858dbe"
  dependencies:
    commander "2"

